
Microsoft Visual Studio Solution File, Format Version 12.00
# Visual Studio Version 17
VisualStudioVersion = 17.11.35208.52
MinimumVisualStudioVersion = 10.0.40219.1
Project("{9A19103F-16F7-4668-BE54-9A1E7A4F7556}") = "CPP_Dapper_WebAPI", "CPP_Dapper_WebAPI\CPP_Dapper_WebAPI.csproj", "{E30C6526-AC1E-48C6-A4D9-E5209421E450}"
EndProject
Project("{FAE04EC0-301F-11D3-BF4B-00C04F79EFBC}") = "XCPP_Dapper_Test", "XCPP_Dapper_Test\XCPP_Dapper_Test.csproj", "{848900CC-D240-4D9F-A13C-3DDA15A13647}"
EndProject
Global
	GlobalSection(SolutionConfigurationPlatforms) = preSolution
		Debug|Any CPU = Debug|Any CPU
		Release|Any CPU = Release|Any CPU
	EndGlobalSection
	GlobalSection(ProjectConfigurationPlatforms) = postSolution
		{E30C6526-AC1E-48C6-A4D9-E5209421E450}.Debug|Any CPU.ActiveCfg = Debug|Any CPU
		{E30C6526-AC1E-48C6-A4D9-E5209421E450}.Debug|Any CPU.Build.0 = Debug|Any CPU
		{E30C6526-AC1E-48C6-A4D9-E5209421E450}.Release|Any CPU.ActiveCfg = Release|Any CPU
		{E30C6526-AC1E-48C6-A4D9-E5209421E450}.Release|Any CPU.Build.0 = Release|Any CPU
		{848900CC-D240-4D9F-A13C-3DDA15A13647}.Debug|Any CPU.ActiveCfg = Debug|Any CPU
		{848900CC-D240-4D9F-A13C-3DDA15A13647}.Debug|Any CPU.Build.0 = Debug|Any CPU
		{848900CC-D240-4D9F-A13C-3DDA15A13647}.Release|Any CPU.ActiveCfg = Release|Any CPU
		{848900CC-D240-4D9F-A13C-3DDA15A13647}.Release|Any CPU.Build.0 = Release|Any CPU
	EndGlobalSection
	GlobalSection(SolutionProperties) = preSolution
		HideSolutionNode = FALSE
	EndGlobalSection
	GlobalSection(ExtensibilityGlobals) = postSolution
		SolutionGuid = {0402B3BC-1DD1-44B3-AFAD-9BF60BFB0881}
	EndGlobalSection
EndGlobal
